// !$*UTF8*$!
{
	archiveVersion = 1;
	classes = {
	};
	objectVersion = 46;
	objects = {

/* Begin PBXBuildFile section */
		451952881AC5E63800693832 /* AppDelegate.swift in Sources */ = {isa = PBXBuildFile; fileRef = 451952871AC5E63800693832 /* AppDelegate.swift */; };
		4519528A1AC5E63800693832 /* Images.xcassets in Resources */ = {isa = PBXBuildFile; fileRef = 451952891AC5E63800693832 /* Images.xcassets */; };
		4519528D1AC5E63800693832 /* MainMenu.xib in Resources */ = {isa = PBXBuildFile; fileRef = 4519528B1AC5E63800693832 /* MainMenu.xib */; };
		451952991AC5E63800693832 /* Multi_MatcherTests.swift in Sources */ = {isa = PBXBuildFile; fileRef = 451952981AC5E63800693832 /* Multi_MatcherTests.swift */; };
/* End PBXBuildFile section */

/* Begin PBXContainerItemProxy section */
		451952931AC5E63800693832 /* PBXContainerItemProxy */ = {
			isa = PBXContainerItemProxy;
			containerPortal = 4519527A1AC5E63800693832 /* Project object */;
			proxyType = 1;
			remoteGlobalIDString = 451952811AC5E63800693832;
			remoteInfo = "Multi Matcher";
		};
/* End PBXContainerItemProxy section */

/* Begin PBXFileReference section */
		451952821AC5E63800693832 /* Multi Matcher.app */ = {isa = PBXFileReference; explicitFileType = wrapper.application; includeInIndex = 0; path = "Multi Matcher.app"; sourceTree = BUILT_PRODUCTS_DIR; };
		451952861AC5E63800693832 /* Info.plist */ = {isa = PBXFileReference; lastKnownFileType = text.plist.xml; path = Info.plist; sourceTree = "<group>"; };
		451952871AC5E63800693832 /* AppDelegate.swift */ = {isa = PBXFileReference; lastKnownFileType = sourcecode.swift; path = AppDelegate.swift; sourceTree = "<group>"; };
		451952891AC5E63800693832 /* Images.xcassets */ = {isa = PBXFileReference; lastKnownFileType = folder.assetcatalog; path = Images.xcassets; sourceTree = "<group>"; };
		4519528C1AC5E63800693832 /* Base */ = {isa = PBXFileReference; lastKnownFileType = file.xib; name = Base; path = Base.lproj/MainMenu.xib; sourceTree = "<group>"; };
		451952921AC5E63800693832 /* Multi MatcherTests.xctest */ = {isa = PBXFileReference; explicitFileType = wrapper.cfbundle; includeInIndex = 0; path = "Multi MatcherTests.xctest"; sourceTree = BUILT_PRODUCTS_DIR; };
		451952971AC5E63800693832 /* Info.plist */ = {isa = PBXFileReference; lastKnownFileType = text.plist.xml; path = Info.plist; sourceTree = "<group>"; };
		451952981AC5E63800693832 /* Multi_MatcherTests.swift */ = {isa = PBXFileReference; lastKnownFileType = sourcecode.swift; path = Multi_MatcherTests.swift; sourceTree = "<group>"; };
/* End PBXFileReference section */

/* Begin PBXFrameworksBuildPhase section */
		4519527F1AC5E63800693832 /* Frameworks */ = {
			isa = PBXFrameworksBuildPhase;
			buildActionMask = 2147483647;
			files = (
			);
			runOnlyForDeploymentPostprocessing = 0;
		};
		4519528F1AC5E63800693832 /* Frameworks */ = {
			isa = PBXFrameworksBuildPhase;
			buildActionMask = 2147483647;
			files = (
			);
			runOnlyForDeploymentPostprocessing = 0;
		};
/* End PBXFrameworksBuildPhase section */

/* Begin PBXGroup section */
		451952791AC5E63800693832 = {
			isa = PBXGroup;
			children = (
				451952841AC5E63800693832 /* Multi Matcher */,
				451952951AC5E63800693832 /* Multi MatcherTests */,
				451952831AC5E63800693832 /* Products */,
			);
			sourceTree = "<group>";
		};
		451952831AC5E63800693832 /* Products */ = {
			isa = PBXGroup;
			children = (
				451952821AC5E63800693832 /* Multi Matcher.app */,
				451952921AC5E63800693832 /* Multi MatcherTests.xctest */,
			);
			name = Products;
			sourceTree = "<group>";
		};
		451952841AC5E63800693832 /* Multi Matcher */ = {
			isa = PBXGroup;
			children = (
				451952871AC5E63800693832 /* AppDelegate.swift */,
				451952891AC5E63800693832 /* Images.xcassets */,
				4519528B1AC5E63800693832 /* MainMenu.xib */,
				451952851AC5E63800693832 /* Supporting Files */,
			);
			path = "Multi Matcher";
			sourceTree = "<group>";
		};
		451952851AC5E63800693832 /* Supporting Files */ = {
			isa = PBXGroup;
			children = (
				451952861AC5E63800693832 /* Info.plist */,
			);
			name = "Supporting Files";
			sourceTree = "<group>";
		};
		451952951AC5E63800693832 /* Multi MatcherTests */ = {
			isa = PBXGroup;
			children = (
				451952981AC5E63800693832 /* Multi_MatcherTests.swift */,
				451952961AC5E63800693832 /* Supporting Files */,
			);
			path = "Multi MatcherTests";
			sourceTree = "<group>";
		};
		451952961AC5E63800693832 /* Supporting Files */ = {
			isa = PBXGroup;
			children = (
				451952971AC5E63800693832 /* Info.plist */,
			);
			name = "Supporting Files";
			sourceTree = "<group>";
		};
/* End PBXGroup section */

/* Begin PBXNativeTarget section */
		451952811AC5E63800693832 /* Multi Matcher */ = {
			isa = PBXNativeTarget;
			buildConfigurationList = 4519529C1AC5E63800693832 /* Build configuration list for PBXNativeTarget "Multi Matcher" */;
			buildPhases = (
				4519527E1AC5E63800693832 /* Sources */,
				4519527F1AC5E63800693832 /* Frameworks */,
				451952801AC5E63800693832 /* Resources */,
			);
			buildRules = (
			);
			dependencies = (
			);
			name = "Multi Matcher";
			productName = "Multi Matcher";
			productReference = 451952821AC5E63800693832 /* Multi Matcher.app */;
			productType = "com.apple.product-type.application";
		};
		451952911AC5E63800693832 /* Multi MatcherTests */ = {
			isa = PBXNativeTarget;
			buildConfigurationList = 4519529F1AC5E63800693832 /* Build configuration list for PBXNativeTarget "Multi MatcherTests" */;
			buildPhases = (
				4519528E1AC5E63800693832 /* Sources */,
				4519528F1AC5E63800693832 /* Frameworks */,
				451952901AC5E63800693832 /* Resources */,
			);
			buildRules = (
			);
			dependencies = (
				451952941AC5E63800693832 /* PBXTargetDependency */,
			);
			name = "Multi MatcherTests";
			productName = "Multi MatcherTests";
			productReference = 451952921AC5E63800693832 /* Multi MatcherTests.xctest */;
			productType = "com.apple.product-type.bundle.unit-test";
		};
/* End PBXNativeTarget section */

/* Begin PBXProject section */
		4519527A1AC5E63800693832 /* Project object */ = {
			isa = PBXProject;
			attributes = {
				LastUpgradeCheck = 0620;
				ORGANIZATIONNAME = "Oklahoma Medical Research Foundation";
				TargetAttributes = {
					451952811AC5E63800693832 = {
						CreatedOnToolsVersion = 6.2;
					};
					451952911AC5E63800693832 = {
						CreatedOnToolsVersion = 6.2;
						TestTargetID = 451952811AC5E63800693832;
					};
				};
			};
			buildConfigurationList = 4519527D1AC5E63800693832 /* Build configuration list for PBXProject "Multi Matcher" */;
			compatibilityVersion = "Xcode 3.2";
			developmentRegion = English;
			hasScannedForEncodings = 0;
			knownRegions = (
				en,
				Base,
			);
			mainGroup = 451952791AC5E63800693832;
			productRefGroup = 451952831AC5E63800693832 /* Products */;
			projectDirPath = "";
			projectRoot = "";
			targets = (
				451952811AC5E63800693832 /* Multi Matcher */,
				451952911AC5E63800693832 /* Multi MatcherTests */,
			);
		};
/* End PBXProject section */

/* Begin PBXResourcesBuildPhase section */
		451952801AC5E63800693832 /* Resources */ = {
			isa = PBXResourcesBuildPhase;
			buildActionMask = 2147483647;
			files = (
				4519528A1AC5E63800693832 /* Images.xcassets in Resources */,
				4519528D1AC5E63800693832 /* MainMenu.xib in Resources */,
			);
			runOnlyForDeploymentPostprocessing = 0;
		};
		451952901AC5E63800693832 /* Resources */ = {
			isa = PBXResourcesBuildPhase;
			buildActionMask = 2147483647;
			files = (
			);
			runOnlyForDeploymentPostprocessing = 0;
		};
/* End PBXResourcesBuildPhase section */

/* Begin PBXSourcesBuildPhase section */
		4519527E1AC5E63800693832 /* Sources */ = {
			isa = PBXSourcesBuildPhase;
			buildActionMask = 2147483647;
			files = (
				451952881AC5E63800693832 /* AppDelegate.swift in Sources */,
			);
			runOnlyForDeploymentPostprocessing = 0;
		};
		4519528E1AC5E63800693832 /* Sources */ = {
			isa = PBXSourcesBuildPhase;
			buildActionMask = 2147483647;
			files = (
				451952991AC5E63800693832 /* Multi_MatcherTests.swift in Sources */,
			);
			runOnlyForDeploymentPostprocessing = 0;
		};
/* End PBXSourcesBuildPhase section */

/* Begin PBXTargetDependency section */
		451952941AC5E63800693832 /* PBXTargetDependency */ = {
			isa = PBXTargetDependency;
			target = 451952811AC5E63800693832 /* Multi Matcher */;
			targetProxy = 451952931AC5E63800693832 /* PBXContainerItemProxy */;
		};
/* End PBXTargetDependency section */

/* Begin PBXVariantGroup section */
		4519528B1AC5E63800693832 /* MainMenu.xib */ = {
			isa = PBXVariantGroup;
			children = (
				4519528C1AC5E63800693832 /* Base */,
			);
			name = MainMenu.xib;
			sourceTree = "<group>";
		};
/* End PBXVariantGroup section */

/* Begin XCBuildConfiguration section */
		4519529A1AC5E63800693832 /* Debug */ = {
			isa = XCBuildConfiguration;
			buildSettings = {
				ALWAYS_SEARCH_USER_PATHS = NO;
				CLANG_CXX_LANGUAGE_STANDARD = "gnu++0x";
				CLANG_CXX_LIBRARY = "libc++";
				CLANG_ENABLE_MODULES = YES;
				CLANG_ENABLE_OBJC_ARC = YES;
				CLANG_WARN_BOOL_CONVERSION = YES;
				CLANG_WARN_CONSTANT_CONVERSION = YES;
				CLANG_WARN_DIRECT_OBJC_ISA_USAGE = YES_ERROR;
				CLANG_WARN_EMPTY_BODY = YES;
				CLANG_WARN_ENUM_CONVERSION = YES;
				CLANG_WARN_INT_CONVERSION = YES;
				CLANG_WARN_OBJC_ROOT_CLASS = YES_ERROR;
				CLANG_WARN_UNREACHABLE_CODE = YES;
				CLANG_WARN__DUPLICATE_METHOD_MATCH = YES;
				CODE_SIGN_IDENTITY = "-";
				COPY_PHASE_STRIP = NO;
				ENABLE_STRICT_OBJC_MSGSEND = YES;
				GCC_C_LANGUAGE_STANDARD = gnu99;
				GCC_DYNAMIC_NO_PIC = NO;
				GCC_OPTIMIZATION_LEVEL = 0;
				GCC_PREPROCESSOR_DEFINITIONS = (
					"DEBUG=1",
					"$(inherited)",
				);
				GCC_SYMBOLS_PRIVATE_EXTERN = NO;
				GCC_WARN_64_TO_32_BIT_CONVERSION = YES;
				GCC_WARN_ABOUT_RETURN_TYPE = YES_ERROR;
				GCC_WARN_UNDECLARED_SELECTOR = YES;
				GCC_WARN_UNINITIALIZED_AUTOS = YES_AGGRESSIVE;
				GCC_WARN_UNUSED_FUNCTION = YES;
				GCC_WARN_UNUSED_VARIABLE = YES;
				MACOSX_DEPLOYMENT_TARGET = 10.10;
				MTL_ENABLE_DEBUG_INFO = YES;
				ONLY_ACTIVE_ARCH = YES;
				SDKROOT = macosx;
				SWIFT_OPTIMIZATION_LEVEL = "-Onone";
			};
			name = Debug;
		};
		4519529B1AC5E63800693832 /* Release */ = {
			isa = XCBuildConfiguration;
			buildSettings = {
				ALWAYS_SEARCH_USER_PATHS = NO;
				CLANG_CXX_LANGUAGE_STANDARD = "gnu++0x";
				CLANG_CXX_LIBRARY = "libc++";
				CLANG_ENABLE_MODULES = YES;
				CLANG_ENABLE_OBJC_ARC = YES;
				CLANG_WARN_BOOL_CONVERSION = YES;
				CLANG_WARN_CONSTANT_CONVERSION = YES;
				CLANG_WARN_DIRECT_OBJC_ISA_USAGE = YES_ERROR;
				CLANG_WARN_EMPTY_BODY = YES;
				CLANG_WARN_ENUM_CONVERSION = YES;
				CLANG_WARN_INT_CONVERSION = YES;
				CLANG_WARN_OBJC_ROOT_CLASS = YES_ERROR;
				CLANG_WARN_UNREACHABLE_CODE = YES;
				CLANG_WARN__DUPLICATE_METHOD_MATCH = YES;
				CODE_SIGN_IDENTITY = "-";
				COPY_PHASE_STRIP = NO;
				DEBUG_INFORMATION_FORMAT = "dwarf-with-dsym";
				ENABLE_NS_ASSERTIONS = NO;
				ENABLE_STRICT_OBJC_MSGSEND = YES;
				GCC_C_LANGUAGE_STANDARD = gnu99;
				GCC_WARN_64_TO_32_BIT_CONVERSION = YES;
				GCC_WARN_ABOUT_RETURN_TYPE = YES_ERROR;
				GCC_WARN_UNDECLARED_SELECTOR = YES;
				GCC_WARN_UNINITIALIZED_AUTOS = YES_AGGRESSIVE;
				GCC_WARN_UNUSED_FUNCTION = YES;
				GCC_WARN_UNUSED_VARIABLE = YES;
				MACOSX_DEPLOYMENT_TARGET = 10.10;
				MTL_ENABLE_DEBUG_INFO = NO;
				SDKROOT = macosx;
			};
			name = Release;
		};
		4519529D1AC5E63800693832 /* Debug */ = {
			isa = XCBuildConfiguration;
			buildSettings = {
				ASSETCATALOG_COMPILER_APPICON_NAME = AppIcon;
				COMBINE_HIDPI_IMAGES = YES;
				INFOPLIST_FILE = "Multi Matcher/Info.plist";
				LD_RUNPATH_SEARCH_PATHS = "$(inherited) @executable_path/../Frameworks";
				MACOSX_DEPLOYMENT_TARGET = 10.9;
				PRODUCT_NAME = "$(TARGET_NAME)";
			};
			name = Debug;
		};
		4519529E1AC5E63800693832 /* Release */ = {
			isa = XCBuildConfiguration;
			buildSettings = {
				ASSETCATALOG_COMPILER_APPICON_NAME = AppIcon;
				COMBINE_HIDPI_IMAGES = YES;
				INFOPLIST_FILE = "Multi Matcher/Info.plist";
				LD_RUNPATH_SEARCH_PATHS = "$(inherited) @executable_path/../Frameworks";
				MACOSX_DEPLOYMENT_TARGET = 10.9;
				PRODUCT_NAME = "$(TARGET_NAME)";
			};
			name = Release;
		};
		451952A01AC5E63800693832 /* Debug */ = {
			isa = XCBuildConfiguration;
			buildSettings = {
				BUNDLE_LOADER = "$(TEST_HOST)";
				COMBINE_HIDPI_IMAGES = YES;
				FRAMEWORK_SEARCH_PATHS = (
					"$(DEVELOPER_FRAMEWORKS_DIR)",
					"$(inherited)",
				);
				GCC_PREPROCESSOR_DEFINITIONS = (
					"DEBUG=1",
					"$(inherited)",
				);
				INFOPLIST_FILE = "Multi MatcherTests/Info.plist";
				LD_RUNPATH_SEARCH_PATHS = "$(inherited) @executable_path/../Frameworks @loader_path/../Frameworks";
				PRODUCT_NAME = "$(TARGET_NAME)";
				TEST_HOST = "$(BUILT_PRODUCTS_DIR)/Multi Matcher.app/Contents/MacOS/Multi Matcher";
			};
			name = Debug;
		};
		451952A11AC5E63800693832 /* Release */ = {
			isa = XCBuildConfiguration;
			buildSettings = {
				BUNDLE_LOADER = "$(TEST_HOST)";
				COMBINE_HIDPI_IMAGES = YES;
				FRAMEWORK_SEARCH_PATHS = (
					"$(DEVELOPER_FRAMEWORKS_DIR)",
					"$(inherited)",
				);
				INFOPLIST_FILE = "Multi MatcherTests/Info.plist";
				LD_RUNPATH_SEARCH_PATHS = "$(inherited) @executable_path/../Frameworks @loader_path/../Frameworks";
				PRODUCT_NAME = "$(TARGET_NAME)";
				TEST_HOST = "$(BUILT_PRODUCTS_DIR)/Multi Matcher.app/Contents/MacOS/Multi Matcher";
			};
			name = Release;
		};
/* End XCBuildConfiguration section */

/* Begin XCConfigurationList section */
		4519527D1AC5E63800693832 /* Build configuration list for PBXProject "Multi Matcher" */ = {
			isa = XCConfigurationList;
			buildConfigurations = (
				4519529A1AC5E63800693832 /* Debug */,
				4519529B1AC5E63800693832 /* Release */,
			);
			defaultConfigurationIsVisible = 0;
			defaultConfigurationName = Release;
		};
		4519529C1AC5E63800693832 /* Build configuration list for PBXNativeTarget "Multi Matcher" */ = {
			isa = XCConfigurationList;
			buildConfigurations = (
				4519529D1AC5E63800693832 /* Debug */,
				4519529E1AC5E63800693832 /* Release */,
			);
			defaultConfigurationIsVisible = 0;
		};
		4519529F1AC5E63800693832 /* Build configuration list for PBXNativeTarget "Multi MatcherTests" */ = {
			isa = XCConfigurationList;
			buildConfigurations = (
				451952A01AC5E63800693832 /* Debug */,
				451952A11AC5E63800693832 /* Release */,
			);
			defaultConfigurationIsVisible = 0;
		};
/* End XCConfigurationList section */
	};
	rootObject = 4519527A1AC5E63800693832 /* Project object */;
}
